
Microsoft Visual Studio Solution File, Format Version 12.00
# Visual Studio 15
VisualStudioVersion = 15.0.27428.2043
MinimumVisualStudioVersion = 10.0.40219.1
Project("{FAE04EC0-301F-11D3-BF4B-00C04F79EFBC}") = "Subtitle", "SubtitleObject\Subtitle.csproj", "{D6948957-D4CE-414B-B903-D6B5AB183973}"
EndProject
Project("{FAE04EC0-301F-11D3-BF4B-00C04F79EFBC}") = "Test", "Test\Test.csproj", "{5C1BB5D1-C3DB-4A21-8234-4A67E5869574}"
	ProjectSection(ProjectDependencies) = postProject
		{D6948957-D4CE-414B-B903-D6B5AB183973} = {D6948957-D4CE-414B-B903-D6B5AB183973}
	EndProjectSection
EndProject
Global
	GlobalSection(SolutionConfigurationPlatforms) = preSolution
		Debug|Any CPU = Debug|Any CPU
		Release|Any CPU = Release|Any CPU
	EndGlobalSection
	GlobalSection(ProjectConfigurationPlatforms) = postSolution
		{D6948957-D4CE-414B-B903-D6B5AB183973}.Debug|Any CPU.ActiveCfg = Debug|Any CPU
		{D6948957-D4CE-414B-B903-D6B5AB183973}.Debug|Any CPU.Build.0 = Debug|Any CPU
		{D6948957-D4CE-414B-B903-D6B5AB183973}.Release|Any CPU.ActiveCfg = Release|Any CPU
		{D6948957-D4CE-414B-B903-D6B5AB183973}.Release|Any CPU.Build.0 = Release|Any CPU
		{5C1BB5D1-C3DB-4A21-8234-4A67E5869574}.Debug|Any CPU.ActiveCfg = Debug|Any CPU
		{5C1BB5D1-C3DB-4A21-8234-4A67E5869574}.Debug|Any CPU.Build.0 = Debug|Any CPU
		{5C1BB5D1-C3DB-4A21-8234-4A67E5869574}.Release|Any CPU.ActiveCfg = Release|Any CPU
		{5C1BB5D1-C3DB-4A21-8234-4A67E5869574}.Release|Any CPU.Build.0 = Release|Any CPU
	EndGlobalSection
	GlobalSection(SolutionProperties) = preSolution
		HideSolutionNode = FALSE
	EndGlobalSection
	GlobalSection(ExtensibilityGlobals) = postSolution
		SolutionGuid = {2D8729F7-68A4-402A-9776-83CA7F020017}
	EndGlobalSection
EndGlobal
